Microsoft Visual Studio Solution File, Format Version 12.00
# Visual Studio Version 17
VisualStudioVersion = 17.0.31903.59
MinimumVisualStudioVersion = 10.0.40219.1
Project("{2150E333-8FDC-42A3-9474-1A3956D46DE8}") = "src", "src", "{69AE0295-6A9A-41FC-93E9-F1E85CB3BCAB}"
EndProject
Project("{2150E333-8FDC-42A3-9474-1A3956D46DE8}") = "BuildingBlocks", "BuildingBlocks", "{271068D3-EC27-47B8-80B6-88CCC37C47CE}"
EndProject
Project("{FAE04EC0-301F-11D3-BF4B-00C04F79EFBC}") = "Bms.BuildingBlocks.Abstractions", "src\BuildingBlocks\Bms.BuildingBlocks.Abstractions\Bms.BuildingBlocks.Abstractions.csproj", "{F2C53855-BEC7-45B6-B7F0-D2C2FE46D77E}"
EndProject
Project("{FAE04EC0-301F-11D3-BF4B-00C04F79EFBC}") = "Bms.BuildingBlocks.Core", "src\BuildingBlocks\Bms.BuildingBlocks.Core\Bms.BuildingBlocks.Core.csproj", "{E1B3FD16-7252-4B47-A5B3-537BEE98477D}"
EndProject
Project("{FAE04EC0-301F-11D3-BF4B-00C04F79EFBC}") = "Bms.BuildingBlocks.MultiTenant", "src\BuildingBlocks\Bms.BuildingBlocks.MultiTenant\Bms.BuildingBlocks.MultiTenant.csproj", "{9B89DA55-0477-46CA-A695-4360E82BB31B}"
EndProject
Project("{FAE04EC0-301F-11D3-BF4B-00C04F79EFBC}") = "Bms.BuildingBlocks.Web", "src\BuildingBlocks\Bms.BuildingBlocks.Web\Bms.BuildingBlocks.Web.csproj", "{2B5065CD-DAA7-4475-96C1-05B23AC53694}"
EndProject
Project("{2150E333-8FDC-42A3-9474-1A3956D46DE8}") = "Gateway", "Gateway", "{BB4ABE72-932E-44DA-B408-27B3373CBAEC}"
EndProject
Project("{FAE04EC0-301F-11D3-BF4B-00C04F79EFBC}") = "Bms.Gateway.Api", "src\Gateway\Bms.Gateway.Api\Bms.Gateway.Api.csproj", "{0C893C44-3C49-4A18-94D5-0C5261F06B08}"
EndProject
Project("{2150E333-8FDC-42A3-9474-1A3956D46DE8}") = "Services", "Services", "{10F08282-7DE7-4463-9A18-D6BD56C292F8}"
EndProject
Project("{2150E333-8FDC-42A3-9474-1A3956D46DE8}") = "Identity", "Identity", "{29CF9D77-F1F4-4AAA-95F5-C970ED41C26D}"
EndProject
Project("{FAE04EC0-301F-11D3-BF4B-00C04F79EFBC}") = "Bms.Identity.Api", "src\Services\Identity\Bms.Identity.Api\Bms.Identity.Api.csproj", "{D9AC9174-6312-4E23-8483-EA31741D36C6}"
EndProject
Project("{2150E333-8FDC-42A3-9474-1A3956D46DE8}") = "System", "System", "{A1B2C3D4-E5F6-7890-ABCD-EF1234567890}"
EndProject
Project("{FAE04EC0-301F-11D3-BF4B-00C04F79EFBC}") = "Bms.System.Domain", "src\Services\System\Bms.System.Domain\Bms.System.Domain.csproj", "{B2C3D4E5-F6A7-8901-BCDE-F23456789012}"
EndProject
Project("{FAE04EC0-301F-11D3-BF4B-00C04F79EFBC}") = "Bms.System.Application", "src\Services\System\Bms.System.Application\Bms.System.Application.csproj", "{C3D4E5F6-A7B8-9012-CDEF-345678901234}"
EndProject
Project("{FAE04EC0-301F-11D3-BF4B-00C04F79EFBC}") = "Bms.System.Infrastructure", "src\Services\System\Bms.System.Infrastructure\Bms.System.Infrastructure.csproj", "{D4E5F6A7-B8C9-0123-DEF0-456789012345}"
EndProject
Project("{FAE04EC0-301F-11D3-BF4B-00C04F79EFBC}") = "Bms.System.Api", "src\Services\System\Bms.System.Api\Bms.System.Api.csproj", "{E5F6A7B8-C9D0-1234-EF01-567890123456}"
EndProject
Global
	GlobalSection(SolutionConfigurationPlatforms) = preSolution
		Debug|Any CPU = Debug|Any CPU
		Release|Any CPU = Release|Any CPU
	EndGlobalSection
	GlobalSection(SolutionProperties) = preSolution
		HideSolutionNode = FALSE
	EndGlobalSection
	GlobalSection(ProjectConfigurationPlatforms) = postSolution
		{F2C53855-BEC7-45B6-B7F0-D2C2FE46D77E}.Debug|Any CPU.ActiveCfg = Debug|Any CPU
		{F2C53855-BEC7-45B6-B7F0-D2C2FE46D77E}.Debug|Any CPU.Build.0 = Debug|Any CPU
		{F2C53855-BEC7-45B6-B7F0-D2C2FE46D77E}.Release|Any CPU.ActiveCfg = Release|Any CPU
		{F2C53855-BEC7-45B6-B7F0-D2C2FE46D77E}.Release|Any CPU.Build.0 = Release|Any CPU
		{E1B3FD16-7252-4B47-A5B3-537BEE98477D}.Debug|Any CPU.ActiveCfg = Debug|Any CPU
		{E1B3FD16-7252-4B47-A5B3-537BEE98477D}.Debug|Any CPU.Build.0 = Debug|Any CPU
		{E1B3FD16-7252-4B47-A5B3-537BEE98477D}.Release|Any CPU.ActiveCfg = Release|Any CPU
		{E1B3FD16-7252-4B47-A5B3-537BEE98477D}.Release|Any CPU.Build.0 = Release|Any CPU
		{9B89DA55-0477-46CA-A695-4360E82BB31B}.Debug|Any CPU.ActiveCfg = Debug|Any CPU
		{9B89DA55-0477-46CA-A695-4360E82BB31B}.Debug|Any CPU.Build.0 = Debug|Any CPU
		{9B89DA55-0477-46CA-A695-4360E82BB31B}.Release|Any CPU.ActiveCfg = Release|Any CPU
		{9B89DA55-0477-46CA-A695-4360E82BB31B}.Release|Any CPU.Build.0 = Release|Any CPU
		{2B5065CD-DAA7-4475-96C1-05B23AC53694}.Debug|Any CPU.ActiveCfg = Debug|Any CPU
		{2B5065CD-DAA7-4475-96C1-05B23AC53694}.Debug|Any CPU.Build.0 = Debug|Any CPU
		{2B5065CD-DAA7-4475-96C1-05B23AC53694}.Release|Any CPU.ActiveCfg = Release|Any CPU
		{2B5065CD-DAA7-4475-96C1-05B23AC53694}.Release|Any CPU.Build.0 = Release|Any CPU
		{0C893C44-3C49-4A18-94D5-0C5261F06B08}.Debug|Any CPU.ActiveCfg = Debug|Any CPU
		{0C893C44-3C49-4A18-94D5-0C5261F06B08}.Debug|Any CPU.Build.0 = Debug|Any CPU
		{0C893C44-3C49-4A18-94D5-0C5261F06B08}.Release|Any CPU.ActiveCfg = Release|Any CPU
		{0C893C44-3C49-4A18-94D5-0C5261F06B08}.Release|Any CPU.Build.0 = Release|Any CPU
		{D9AC9174-6312-4E23-8483-EA31741D36C6}.Debug|Any CPU.ActiveCfg = Debug|Any CPU
		{D9AC9174-6312-4E23-8483-EA31741D36C6}.Debug|Any CPU.Build.0 = Debug|Any CPU
		{D9AC9174-6312-4E23-8483-EA31741D36C6}.Release|Any CPU.ActiveCfg = Release|Any CPU
		{D9AC9174-6312-4E23-8483-EA31741D36C6}.Release|Any CPU.Build.0 = Release|Any CPU
		{B2C3D4E5-F6A7-8901-BCDE-F23456789012}.Debug|Any CPU.ActiveCfg = Debug|Any CPU
		{B2C3D4E5-F6A7-8901-BCDE-F23456789012}.Debug|Any CPU.Build.0 = Debug|Any CPU
		{B2C3D4E5-F6A7-8901-BCDE-F23456789012}.Release|Any CPU.ActiveCfg = Release|Any CPU
		{B2C3D4E5-F6A7-8901-BCDE-F23456789012}.Release|Any CPU.Build.0 = Release|Any CPU
		{C3D4E5F6-A7B8-9012-CDEF-345678901234}.Debug|Any CPU.ActiveCfg = Debug|Any CPU
		{C3D4E5F6-A7B8-9012-CDEF-345678901234}.Debug|Any CPU.Build.0 = Debug|Any CPU
		{C3D4E5F6-A7B8-9012-CDEF-345678901234}.Release|Any CPU.ActiveCfg = Release|Any CPU
		{C3D4E5F6-A7B8-9012-CDEF-345678901234}.Release|Any CPU.Build.0 = Release|Any CPU
		{D4E5F6A7-B8C9-0123-DEF0-456789012345}.Debug|Any CPU.ActiveCfg = Debug|Any CPU
		{D4E5F6A7-B8C9-0123-DEF0-456789012345}.Debug|Any CPU.Build.0 = Debug|Any CPU
		{D4E5F6A7-B8C9-0123-DEF0-456789012345}.Release|Any CPU.ActiveCfg = Release|Any CPU
		{D4E5F6A7-B8C9-0123-DEF0-456789012345}.Release|Any CPU.Build.0 = Release|Any CPU
		{E5F6A7B8-C9D0-1234-EF01-567890123456}.Debug|Any CPU.ActiveCfg = Debug|Any CPU
		{E5F6A7B8-C9D0-1234-EF01-567890123456}.Debug|Any CPU.Build.0 = Debug|Any CPU
		{E5F6A7B8-C9D0-1234-EF01-567890123456}.Release|Any CPU.ActiveCfg = Release|Any CPU
		{E5F6A7B8-C9D0-1234-EF01-567890123456}.Release|Any CPU.Build.0 = Release|Any CPU
	EndGlobalSection
	GlobalSection(NestedProjects) = preSolution
		{271068D3-EC27-47B8-80B6-88CCC37C47CE} = {69AE0295-6A9A-41FC-93E9-F1E85CB3BCAB}
		{F2C53855-BEC7-45B6-B7F0-D2C2FE46D77E} = {271068D3-EC27-47B8-80B6-88CCC37C47CE}
		{E1B3FD16-7252-4B47-A5B3-537BEE98477D} = {271068D3-EC27-47B8-80B6-88CCC37C47CE}
		{9B89DA55-0477-46CA-A695-4360E82BB31B} = {271068D3-EC27-47B8-80B6-88CCC37C47CE}
		{2B5065CD-DAA7-4475-96C1-05B23AC53694} = {271068D3-EC27-47B8-80B6-88CCC37C47CE}
		{BB4ABE72-932E-44DA-B408-27B3373CBAEC} = {69AE0295-6A9A-41FC-93E9-F1E85CB3BCAB}
		{0C893C44-3C49-4A18-94D5-0C5261F06B08} = {BB4ABE72-932E-44DA-B408-27B3373CBAEC}
		{10F08282-7DE7-4463-9A18-D6BD56C292F8} = {69AE0295-6A9A-41FC-93E9-F1E85CB3BCAB}
		{29CF9D77-F1F4-4AAA-95F5-C970ED41C26D} = {10F08282-7DE7-4463-9A18-D6BD56C292F8}
		{D9AC9174-6312-4E23-8483-EA31741D36C6} = {29CF9D77-F1F4-4AAA-95F5-C970ED41C26D}
		{A1B2C3D4-E5F6-7890-ABCD-EF1234567890} = {10F08282-7DE7-4463-9A18-D6BD56C292F8}
		{B2C3D4E5-F6A7-8901-BCDE-F23456789012} = {A1B2C3D4-E5F6-7890-ABCD-EF1234567890}
		{C3D4E5F6-A7B8-9012-CDEF-345678901234} = {A1B2C3D4-E5F6-7890-ABCD-EF1234567890}
		{D4E5F6A7-B8C9-0123-DEF0-456789012345} = {A1B2C3D4-E5F6-7890-ABCD-EF1234567890}
		{E5F6A7B8-C9D0-1234-EF01-567890123456} = {A1B2C3D4-E5F6-7890-ABCD-EF1234567890}
	EndGlobalSection
EndGlobal